
Microsoft Visual Studio Solution File, Format Version 12.00
# Visual Studio Version 16
VisualStudioVersion = 16.0.35706.149
MinimumVisualStudioVersion = 10.0.40219.1
Project("{FAE04EC0-301F-11D3-BF4B-00C04F79EFBC}") = "RP11", "RP11\RP11.csproj", "{61E97671-7144-4C8A-A4FE-185D30A7BBA6}"
EndProject
Global
	GlobalSection(SolutionConfigurationPlatforms) = preSolution
		Debug|Any CPU = Debug|Any CPU
		Release|Any CPU = Release|Any CPU
	EndGlobalSection
	GlobalSection(ProjectConfigurationPlatforms) = postSolution
		{61E97671-7144-4C8A-A4FE-185D30A7BBA6}.Debug|Any CPU.ActiveCfg = Debug|Any CPU
		{61E97671-7144-4C8A-A4FE-185D30A7BBA6}.Debug|Any CPU.Build.0 = Debug|Any CPU
		{61E97671-7144-4C8A-A4FE-185D30A7BBA6}.Release|Any CPU.ActiveCfg = Release|Any CPU
		{61E97671-7144-4C8A-A4FE-185D30A7BBA6}.Release|Any CPU.Build.0 = Release|Any CPU
	EndGlobalSection
	GlobalSection(SolutionProperties) = preSolution
		HideSolutionNode = FALSE
	EndGlobalSection
	GlobalSection(ExtensibilityGlobals) = postSolution
		SolutionGuid = {D2210EE5-464A-4202-891E-F02CD053C536}
	EndGlobalSection
EndGlobal
